
Microsoft Visual Studio Solution File, Format Version 12.00
Project("{FAE04EC0-301F-11D3-BF4B-00C04F79EFBC}") = "HS2_StudioMiscSearch", "HS2_StudioMiscSearch\HS2_StudioMiscSearch.csproj", "{118B717F-FCAF-43A8-BEE8-80455FFB3D37}"
EndProject
Global
	GlobalSection(SolutionConfigurationPlatforms) = preSolution
		Debug|Any CPU = Debug|Any CPU
		Release|Any CPU = Release|Any CPU
	EndGlobalSection
	GlobalSection(ProjectConfigurationPlatforms) = postSolution
		{118B717F-FCAF-43A8-BEE8-80455FFB3D37}.Debug|Any CPU.ActiveCfg = Debug|Any CPU
		{118B717F-FCAF-43A8-BEE8-80455FFB3D37}.Debug|Any CPU.Build.0 = Debug|Any CPU
		{118B717F-FCAF-43A8-BEE8-80455FFB3D37}.Release|Any CPU.ActiveCfg = Release|Any CPU
		{118B717F-FCAF-43A8-BEE8-80455FFB3D37}.Release|Any CPU.Build.0 = Release|Any CPU
	EndGlobalSection
EndGlobal
